// !$*UTF8*$!
{
	archiveVersion = 1;
	classes = {
	};
	objectVersion = 50;
	objects = {

/* Begin PBXBuildFile section */
		BE65DB88266F85010055BD07 /* PhotosViewController.swift in Sources */ = {isa = PBXBuildFile; fileRef = BE65DB87266F85010055BD07 /* PhotosViewController.swift */; };
		BE65DB8A266FA8D10055BD07 /* FlickrClient.swift in Sources */ = {isa = PBXBuildFile; fileRef = BE65DB89266FA8D10055BD07 /* FlickrClient.swift */; };
		BE65DB8E267019840055BD07 /* SearchResponse.swift in Sources */ = {isa = PBXBuildFile; fileRef = BE65DB8D267019840055BD07 /* SearchResponse.swift */; };
		BE65DB90267019B30055BD07 /* PhotosResponse.swift in Sources */ = {isa = PBXBuildFile; fileRef = BE65DB8F267019B30055BD07 /* PhotosResponse.swift */; };
		BE65DB92267019E00055BD07 /* PhotoResponse.swift in Sources */ = {isa = PBXBuildFile; fileRef = BE65DB91267019E00055BD07 /* PhotoResponse.swift */; };
		BE65DB942670232C0055BD07 /* PhotoCollectionViewCell.swift in Sources */ = {isa = PBXBuildFile; fileRef = BE65DB932670232C0055BD07 /* PhotoCollectionViewCell.swift */; };
		BE8AEFEA266EAD96001D6AC2 /* AppDelegate.swift in Sources */ = {isa = PBXBuildFile; fileRef = BE8AEFE9266EAD96001D6AC2 /* AppDelegate.swift */; };
		BE8AEFEC266EAD96001D6AC2 /* SceneDelegate.swift in Sources */ = {isa = PBXBuildFile; fileRef = BE8AEFEB266EAD96001D6AC2 /* SceneDelegate.swift */; };
		BE8AEFEE266EAD96001D6AC2 /* MapViewController.swift in Sources */ = {isa = PBXBuildFile; fileRef = BE8AEFED266EAD96001D6AC2 /* MapViewController.swift */; };
		BE8AEFF1266EAD96001D6AC2 /* Main.storyboard in Resources */ = {isa = PBXBuildFile; fileRef = BE8AEFEF266EAD96001D6AC2 /* Main.storyboard */; };
		BE8AEFF4266EAD96001D6AC2 /* Virtual_Tourist.xcdatamodeld in Sources */ = {isa = PBXBuildFile; fileRef = BE8AEFF2266EAD96001D6AC2 /* Virtual_Tourist.xcdatamodeld */; };
		BE8AEFF6266EAD97001D6AC2 /* Assets.xcassets in Resources */ = {isa = PBXBuildFile; fileRef = BE8AEFF5266EAD97001D6AC2 /* Assets.xcassets */; };
		BE8AEFF9266EAD97001D6AC2 /* LaunchScreen.storyboard in Resources */ = {isa = PBXBuildFile; fileRef = BE8AEFF7266EAD97001D6AC2 /* LaunchScreen.storyboard */; };
		BE8AF005266EB102001D6AC2 /* DataController.swift in Sources */ = {isa = PBXBuildFile; fileRef = BE8AF004266EB102001D6AC2 /* DataController.swift */; };
/* End PBXBuildFile section */

/* Begin PBXFileReference section */
		BE65DB87266F85010055BD07 /* PhotosViewController.swift */ = {isa = PBXFileReference; lastKnownFileType = sourcecode.swift; path = PhotosViewController.swift; sourceTree = "<group>"; };
		BE65DB89266FA8D10055BD07 /* FlickrClient.swift */ = {isa = PBXFileReference; lastKnownFileType = sourcecode.swift; path = FlickrClient.swift; sourceTree = "<group>"; };
		BE65DB8D267019840055BD07 /* SearchResponse.swift */ = {isa = PBXFileReference; lastKnownFileType = sourcecode.swift; path = SearchResponse.swift; sourceTree = "<group>"; };
		BE65DB8F267019B30055BD07 /* PhotosResponse.swift */ = {isa = PBXFileReference; lastKnownFileType = sourcecode.swift; path = PhotosResponse.swift; sourceTree = "<group>"; };
		BE65DB91267019E00055BD07 /* PhotoResponse.swift */ = {isa = PBXFileReference; lastKnownFileType = sourcecode.swift; path = PhotoResponse.swift; sourceTree = "<group>"; };
		BE65DB932670232C0055BD07 /* PhotoCollectionViewCell.swift */ = {isa = PBXFileReference; lastKnownFileType = sourcecode.swift; path = PhotoCollectionViewCell.swift; sourceTree = "<group>"; };
		BE8AEFE6266EAD96001D6AC2 /* Virtual Tourist.app */ = {isa = PBXFileReference; explicitFileType = wrapper.application; includeInIndex = 0; path = "Virtual Tourist.app"; sourceTree = BUILT_PRODUCTS_DIR; };
		BE8AEFE9266EAD96001D6AC2 /* AppDelegate.swift */ = {isa = PBXFileReference; lastKnownFileType = sourcecode.swift; path = AppDelegate.swift; sourceTree = "<group>"; };
		BE8AEFEB266EAD96001D6AC2 /* SceneDelegate.swift */ = {isa = PBXFileReference; lastKnownFileType = sourcecode.swift; path = SceneDelegate.swift; sourceTree = "<group>"; };
		BE8AEFED266EAD96001D6AC2 /* MapViewController.swift */ = {isa = PBXFileReference; lastKnownFileType = sourcecode.swift; path = MapViewController.swift; sourceTree = "<group>"; };
		BE8AEFF0266EAD96001D6AC2 /* Base */ = {isa = PBXFileReference; lastKnownFileType = file.storyboard; name = Base; path = Base.lproj/Main.storyboard; sourceTree = "<group>"; };
		BE8AEFF3266EAD96001D6AC2 /* Virtual_Tourist.xcdatamodel */ = {isa = PBXFileReference; lastKnownFileType = wrapper.xcdatamodel; path = Virtual_Tourist.xcdatamodel; sourceTree = "<group>"; };
		BE8AEFF5266EAD97001D6AC2 /* Assets.xcassets */ = {isa = PBXFileReference; lastKnownFileType = folder.assetcatalog; path = Assets.xcassets; sourceTree = "<group>"; };
		BE8AEFF8266EAD97001D6AC2 /* Base */ = {isa = PBXFileReference; lastKnownFileType = file.storyboard; name = Base; path = Base.lproj/LaunchScreen.storyboard; sourceTree = "<group>"; };
		BE8AEFFA266EAD97001D6AC2 /* Info.plist */ = {isa = PBXFileReference; lastKnownFileType = text.plist.xml; path = Info.plist; sourceTree = "<group>"; };
		BE8AF004266EB102001D6AC2 /* DataController.swift */ = {isa = PBXFileReference; lastKnownFileType = sourcecode.swift; path = DataController.swift; sourceTree = "<group>"; };
/* End PBXFileReference section */

/* Begin PBXFrameworksBuildPhase section */
		BE8AEFE3266EAD96001D6AC2 /* Frameworks */ = {
			isa = PBXFrameworksBuildPhase;
			buildActionMask = 2147483647;
			files = (
			);
			runOnlyForDeploymentPostprocessing = 0;
		};
/* End PBXFrameworksBuildPhase section */

/* Begin PBXGroup section */
		BE8AEFDD266EAD96001D6AC2 = {
			isa = PBXGroup;
			children = (
				BE8AEFE8266EAD96001D6AC2 /* Virtual Tourist */,
				BE8AEFE7266EAD96001D6AC2 /* Products */,
			);
			sourceTree = "<group>";
		};
		BE8AEFE7266EAD96001D6AC2 /* Products */ = {
			isa = PBXGroup;
			children = (
				BE8AEFE6266EAD96001D6AC2 /* Virtual Tourist.app */,
			);
			name = Products;
			sourceTree = "<group>";
		};
		BE8AEFE8266EAD96001D6AC2 /* Virtual Tourist */ = {
			isa = PBXGroup;
			children = (
				BE8AEFFA266EAD97001D6AC2 /* Info.plist */,
				BE8AEFE9266EAD96001D6AC2 /* AppDelegate.swift */,
				BE8AEFEB266EAD96001D6AC2 /* SceneDelegate.swift */,
				BE8AF002266EAF2D001D6AC2 /* Controller */,
				BE8AF000266EAF19001D6AC2 /* Model */,
				BE8AF001266EAF22001D6AC2 /* View */,
			);
			path = "Virtual Tourist";
			sourceTree = "<group>";
		};
		BE8AF000266EAF19001D6AC2 /* Model */ = {
			isa = PBXGroup;
			children = (
				BE8AF003266EB0EC001D6AC2 /* CoreData */,
				BE65DB89266FA8D10055BD07 /* FlickrClient.swift */,
				BE65DB8D267019840055BD07 /* SearchResponse.swift */,
				BE65DB8F267019B30055BD07 /* PhotosResponse.swift */,
				BE65DB91267019E00055BD07 /* PhotoResponse.swift */,
			);
			path = Model;
			sourceTree = "<group>";
		};
		BE8AF001266EAF22001D6AC2 /* View */ = {
			isa = PBXGroup;
			children = (
				BE8AEFEF266EAD96001D6AC2 /* Main.storyboard */,
				BE8AEFF7266EAD97001D6AC2 /* LaunchScreen.storyboard */,
				BE8AEFF5266EAD97001D6AC2 /* Assets.xcassets */,
			);
			path = View;
			sourceTree = "<group>";
		};
		BE8AF002266EAF2D001D6AC2 /* Controller */ = {
			isa = PBXGroup;
			children = (
				BE8AEFED266EAD96001D6AC2 /* MapViewController.swift */,
				BE65DB87266F85010055BD07 /* PhotosViewController.swift */,
				BE65DB932670232C0055BD07 /* PhotoCollectionViewCell.swift */,
			);
			path = Controller;
			sourceTree = "<group>";
		};
		BE8AF003266EB0EC001D6AC2 /* CoreData */ = {
			isa = PBXGroup;
			children = (
				BE8AEFF2266EAD96001D6AC2 /* Virtual_Tourist.xcdatamodeld */,
				BE8AF004266EB102001D6AC2 /* DataController.swift */,
			);
			path = CoreData;
			sourceTree = "<group>";
		};
/* End PBXGroup section */

/* Begin PBXNativeTarget section */
		BE8AEFE5266EAD96001D6AC2 /* Virtual Tourist */ = {
			isa = PBXNativeTarget;
			buildConfigurationList = BE8AEFFD266EAD97001D6AC2 /* Build configuration list for PBXNativeTarget "Virtual Tourist" */;
			buildPhases = (
				BE8AEFE2266EAD96001D6AC2 /* Sources */,
				BE8AEFE3266EAD96001D6AC2 /* Frameworks */,
				BE8AEFE4266EAD96001D6AC2 /* Resources */,
			);
			buildRules = (
			);
			dependencies = (
			);
			name = "Virtual Tourist";
			productName = "Virtual Tourist";
			productReference = BE8AEFE6266EAD96001D6AC2 /* Virtual Tourist.app */;
			productType = "com.apple.product-type.application";
		};
/* End PBXNativeTarget section */

/* Begin PBXProject section */
		BE8AEFDE266EAD96001D6AC2 /* Project object */ = {
			isa = PBXProject;
			attributes = {
				LastSwiftUpdateCheck = 1250;
				LastUpgradeCheck = 1250;
				TargetAttributes = {
					BE8AEFE5266EAD96001D6AC2 = {
						CreatedOnToolsVersion = 12.5;
					};
				};
			};
			buildConfigurationList = BE8AEFE1266EAD96001D6AC2 /* Build configuration list for PBXProject "Virtual Tourist" */;
			compatibilityVersion = "Xcode 9.3";
			developmentRegion = en;
			hasScannedForEncodings = 0;
			knownRegions = (
				en,
				Base,
			);
			mainGroup = BE8AEFDD266EAD96001D6AC2;
			productRefGroup = BE8AEFE7266EAD96001D6AC2 /* Products */;
			projectDirPath = "";
			projectRoot = "";
			targets = (
				BE8AEFE5266EAD96001D6AC2 /* Virtual Tourist */,
			);
		};
/* End PBXProject section */

/* Begin PBXResourcesBuildPhase section */
		BE8AEFE4266EAD96001D6AC2 /* Resources */ = {
			isa = PBXResourcesBuildPhase;
			buildActionMask = 2147483647;
			files = (
				BE8AEFF9266EAD97001D6AC2 /* LaunchScreen.storyboard in Resources */,
				BE8AEFF6266EAD97001D6AC2 /* Assets.xcassets in Resources */,
				BE8AEFF1266EAD96001D6AC2 /* Main.storyboard in Resources */,
			);
			runOnlyForDeploymentPostprocessing = 0;
		};
/* End PBXResourcesBuildPhase section */

/* Begin PBXSourcesBuildPhase section */
		BE8AEFE2266EAD96001D6AC2 /* Sources */ = {
			isa = PBXSourcesBuildPhase;
			buildActionMask = 2147483647;
			files = (
				BE65DB90267019B30055BD07 /* PhotosResponse.swift in Sources */,
				BE8AF005266EB102001D6AC2 /* DataController.swift in Sources */,
				BE8AEFF4266EAD96001D6AC2 /* Virtual_Tourist.xcdatamodeld in Sources */,
				BE65DB8A266FA8D10055BD07 /* FlickrClient.swift in Sources */,
				BE65DB92267019E00055BD07 /* PhotoResponse.swift in Sources */,
				BE8AEFEE266EAD96001D6AC2 /* MapViewController.swift in Sources */,
				BE65DB8E267019840055BD07 /* SearchResponse.swift in Sources */,
				BE65DB88266F85010055BD07 /* PhotosViewController.swift in Sources */,
				BE8AEFEA266EAD96001D6AC2 /* AppDelegate.swift in Sources */,
				BE65DB942670232C0055BD07 /* PhotoCollectionViewCell.swift in Sources */,
				BE8AEFEC266EAD96001D6AC2 /* SceneDelegate.swift in Sources */,
			);
			runOnlyForDeploymentPostprocessing = 0;
		};
/* End PBXSourcesBuildPhase section */

/* Begin PBXVariantGroup section */
		BE8AEFEF266EAD96001D6AC2 /* Main.storyboard */ = {
			isa = PBXVariantGroup;
			children = (
				BE8AEFF0266EAD96001D6AC2 /* Base */,
			);
			name = Main.storyboard;
			sourceTree = "<group>";
		};
		BE8AEFF7266EAD97001D6AC2 /* LaunchScreen.storyboard */ = {
			isa = PBXVariantGroup;
			children = (
				BE8AEFF8266EAD97001D6AC2 /* Base */,
			);
			name = LaunchScreen.storyboard;
			sourceTree = "<group>";
		};
/* End PBXVariantGroup section */

/* Begin XCBuildConfiguration section */
		BE8AEFFB266EAD97001D6AC2 /* Debug */ = {
			isa = XCBuildConfiguration;
			buildSettings = {
				ALWAYS_SEARCH_USER_PATHS = NO;
				CLANG_ANALYZER_NONNULL = YES;
				CLANG_ANALYZER_NUMBER_OBJECT_CONVERSION = YES_AGGRESSIVE;
				CLANG_CXX_LANGUAGE_STANDARD = "gnu++14";
				CLANG_CXX_LIBRARY = "libc++";
				CLANG_ENABLE_MODULES = YES;
				CLANG_ENABLE_OBJC_ARC = YES;
				CLANG_ENABLE_OBJC_WEAK = YES;
				CLANG_WARN_BLOCK_CAPTURE_AUTORELEASING = YES;
				CLANG_WARN_BOOL_CONVERSION = YES;
				CLANG_WARN_COMMA = YES;
				CLANG_WARN_CONSTANT_CONVERSION = YES;
				CLANG_WARN_DEPRECATED_OBJC_IMPLEMENTATIONS = YES;
				CLANG_WARN_DIRECT_OBJC_ISA_USAGE = YES_ERROR;
				CLANG_WARN_DOCUMENTATION_COMMENTS = YES;
				CLANG_WARN_EMPTY_BODY = YES;
				CLANG_WARN_ENUM_CONVERSION = YES;
				CLANG_WARN_INFINITE_RECURSION = YES;
				CLANG_WARN_INT_CONVERSION = YES;
				CLANG_WARN_NON_LITERAL_NULL_CONVERSION = YES;
				CLANG_WARN_OBJC_IMPLICIT_RETAIN_SELF = YES;
				CLANG_WARN_OBJC_LITERAL_CONVERSION = YES;
				CLANG_WARN_OBJC_ROOT_CLASS = YES_ERROR;
				CLANG_WARN_QUOTED_INCLUDE_IN_FRAMEWORK_HEADER = YES;
				CLANG_WARN_RANGE_LOOP_ANALYSIS = YES;
				CLANG_WARN_STRICT_PROTOTYPES = YES;
				CLANG_WARN_SUSPICIOUS_MOVE = YES;
				CLANG_WARN_UNGUARDED_AVAILABILITY = YES_AGGRESSIVE;
				CLANG_WARN_UNREACHABLE_CODE = YES;
				CLANG_WARN__DUPLICATE_METHOD_MATCH = YES;
				COPY_PHASE_STRIP = NO;
				DEBUG_INFORMATION_FORMAT = dwarf;
				ENABLE_STRICT_OBJC_MSGSEND = YES;
				ENABLE_TESTABILITY = YES;
				GCC_C_LANGUAGE_STANDARD = gnu11;
				GCC_DYNAMIC_NO_PIC = NO;
				GCC_NO_COMMON_BLOCKS = YES;
				GCC_OPTIMIZATION_LEVEL = 0;
				GCC_PREPROCESSOR_DEFINITIONS = (
					"DEBUG=1",
					"$(inherited)",
				);
				GCC_WARN_64_TO_32_BIT_CONVERSION = YES;
				GCC_WARN_ABOUT_RETURN_TYPE = YES_ERROR;
				GCC_WARN_UNDECLARED_SELECTOR = YES;
				GCC_WARN_UNINITIALIZED_AUTOS = YES_AGGRESSIVE;
				GCC_WARN_UNUSED_FUNCTION = YES;
				GCC_WARN_UNUSED_VARIABLE = YES;
				IPHONEOS_DEPLOYMENT_TARGET = 14.5;
				MTL_ENABLE_DEBUG_INFO = INCLUDE_SOURCE;
				MTL_FAST_MATH = YES;
				ONLY_ACTIVE_ARCH = YES;
				SDKROOT = iphoneos;
				SWIFT_ACTIVE_COMPILATION_CONDITIONS = DEBUG;
				SWIFT_OPTIMIZATION_LEVEL = "-Onone";
			};
			name = Debug;
		};
		BE8AEFFC266EAD97001D6AC2 /* Release */ = {
			isa = XCBuildConfiguration;
			buildSettings = {
				ALWAYS_SEARCH_USER_PATHS = NO;
				CLANG_ANALYZER_NONNULL = YES;
				CLANG_ANALYZER_NUMBER_OBJECT_CONVERSION = YES_AGGRESSIVE;
				CLANG_CXX_LANGUAGE_STANDARD = "gnu++14";
				CLANG_CXX_LIBRARY = "libc++";
				CLANG_ENABLE_MODULES = YES;
				CLANG_ENABLE_OBJC_ARC = YES;
				CLANG_ENABLE_OBJC_WEAK = YES;
				CLANG_WARN_BLOCK_CAPTURE_AUTORELEASING = YES;
				CLANG_WARN_BOOL_CONVERSION = YES;
				CLANG_WARN_COMMA = YES;
				CLANG_WARN_CONSTANT_CONVERSION = YES;
				CLANG_WARN_DEPRECATED_OBJC_IMPLEMENTATIONS = YES;
				CLANG_WARN_DIRECT_OBJC_ISA_USAGE = YES_ERROR;
				CLANG_WARN_DOCUMENTATION_COMMENTS = YES;
				CLANG_WARN_EMPTY_BODY = YES;
				CLANG_WARN_ENUM_CONVERSION = YES;
				CLANG_WARN_INFINITE_RECURSION = YES;
				CLANG_WARN_INT_CONVERSION = YES;
				CLANG_WARN_NON_LITERAL_NULL_CONVERSION = YES;
				CLANG_WARN_OBJC_IMPLICIT_RETAIN_SELF = YES;
				CLANG_WARN_OBJC_LITERAL_CONVERSION = YES;
				CLANG_WARN_OBJC_ROOT_CLASS = YES_ERROR;
				CLANG_WARN_QUOTED_INCLUDE_IN_FRAMEWORK_HEADER = YES;
				CLANG_WARN_RANGE_LOOP_ANALYSIS = YES;
				CLANG_WARN_STRICT_PROTOTYPES = YES;
				CLANG_WARN_SUSPICIOUS_MOVE = YES;
				CLANG_WARN_UNGUARDED_AVAILABILITY = YES_AGGRESSIVE;
				CLANG_WARN_UNREACHABLE_CODE = YES;
				CLANG_WARN__DUPLICATE_METHOD_MATCH = YES;
				COPY_PHASE_STRIP = NO;
				DEBUG_INFORMATION_FORMAT = "dwarf-with-dsym";
				ENABLE_NS_ASSERTIONS = NO;
				ENABLE_STRICT_OBJC_MSGSEND = YES;
				GCC_C_LANGUAGE_STANDARD = gnu11;
				GCC_NO_COMMON_BLOCKS = YES;
				GCC_WARN_64_TO_32_BIT_CONVERSION = YES;
				GCC_WARN_ABOUT_RETURN_TYPE = YES_ERROR;
				GCC_WARN_UNDECLARED_SELECTOR = YES;
				GCC_WARN_UNINITIALIZED_AUTOS = YES_AGGRESSIVE;
				GCC_WARN_UNUSED_FUNCTION = YES;
				GCC_WARN_UNUSED_VARIABLE = YES;
				IPHONEOS_DEPLOYMENT_TARGET = 14.5;
				MTL_ENABLE_DEBUG_INFO = NO;
				MTL_FAST_MATH = YES;
				SDKROOT = iphoneos;
				SWIFT_COMPILATION_MODE = wholemodule;
				SWIFT_OPTIMIZATION_LEVEL = "-O";
				VALIDATE_PRODUCT = YES;
			};
			name = Release;
		};
		BE8AEFFE266EAD97001D6AC2 /* Debug */ = {
			isa = XCBuildConfiguration;
			buildSettings = {
				ASSETCATALOG_COMPILER_APPICON_NAME = AppIcon;
				ASSETCATALOG_COMPILER_GLOBAL_ACCENT_COLOR_NAME = AccentColor;
				CODE_SIGN_STYLE = Automatic;
				DEVELOPMENT_TEAM = 34CL73NM7C;
				INFOPLIST_FILE = "Virtual Tourist/Info.plist";
				LD_RUNPATH_SEARCH_PATHS = (
					"$(inherited)",
					"@executable_path/Frameworks",
				);
				PRODUCT_BUNDLE_IDENTIFIER = "com.gk.Virtual-Tourist";
				PRODUCT_NAME = "$(TARGET_NAME)";
				SWIFT_VERSION = 5.0;
				TARGETED_DEVICE_FAMILY = "1,2";
			};
			name = Debug;
		};
		BE8AEFFF266EAD97001D6AC2 /* Release */ = {
			isa = XCBuildConfiguration;
			buildSettings = {
				ASSETCATALOG_COMPILER_APPICON_NAME = AppIcon;
				ASSETCATALOG_COMPILER_GLOBAL_ACCENT_COLOR_NAME = AccentColor;
				CODE_SIGN_STYLE = Automatic;
				DEVELOPMENT_TEAM = 34CL73NM7C;
				INFOPLIST_FILE = "Virtual Tourist/Info.plist";
				LD_RUNPATH_SEARCH_PATHS = (
					"$(inherited)",
					"@executable_path/Frameworks",
				);
				PRODUCT_BUNDLE_IDENTIFIER = "com.gk.Virtual-Tourist";
				PRODUCT_NAME = "$(TARGET_NAME)";
				SWIFT_VERSION = 5.0;
				TARGETED_DEVICE_FAMILY = "1,2";
			};
			name = Release;
		};
/* End XCBuildConfiguration section */

/* Begin XCConfigurationList section */
		BE8AEFE1266EAD96001D6AC2 /* Build configuration list for PBXProject "Virtual Tourist" */ = {
			isa = XCConfigurationList;
			buildConfigurations = (
				BE8AEFFB266EAD97001D6AC2 /* Debug */,
				BE8AEFFC266EAD97001D6AC2 /* Release */,
			);
			defaultConfigurationIsVisible = 0;
			defaultConfigurationName = Release;
		};
		BE8AEFFD266EAD97001D6AC2 /* Build configuration list for PBXNativeTarget "Virtual Tourist" */ = {
			isa = XCConfigurationList;
			buildConfigurations = (
				BE8AEFFE266EAD97001D6AC2 /* Debug */,
				BE8AEFFF266EAD97001D6AC2 /* Release */,
			);
			defaultConfigurationIsVisible = 0;
			defaultConfigurationName = Release;
		};
/* End XCConfigurationList section */

/* Begin XCVersionGroup section */
		BE8AEFF2266EAD96001D6AC2 /* Virtual_Tourist.xcdatamodeld */ = {
			isa = XCVersionGroup;
			children = (
				BE8AEFF3266EAD96001D6AC2 /* Virtual_Tourist.xcdatamodel */,
			);
			currentVersion = BE8AEFF3266EAD96001D6AC2 /* Virtual_Tourist.xcdatamodel */;
			path = Virtual_Tourist.xcdatamodeld;
			sourceTree = "<group>";
			versionGroupType = wrapper.xcdatamodel;
		};
/* End XCVersionGroup section */
	};
	rootObject = BE8AEFDE266EAD96001D6AC2 /* Project object */;
}
